version = 1

root_name = "path_dep_app"
root_source_dir = "src"

[[package]]
alias = "hello"
name = "hello_pkg"
source_kind = "path"
path = "../hello_pkg"
package_root = "/media/winger/_dde_home/winger/uya/uya/tests/fixtures/upm/path_dep/hello_pkg/"
source_root = "/media/winger/_dde_home/winger/uya/uya/tests/fixtures/upm/path_dep/hello_pkg/src/"

